// !$*UTF8*$!
{
	archiveVersion = 1;
	classes = {
	};
	objectVersion = 50;
	objects = {

/* Begin PBXBuildFile section */
		230AE825246C7B2A00B36B96 /* AppDelegate.swift in Sources */ = {isa = PBXBuildFile; fileRef = 230AE824246C7B2A00B36B96 /* AppDelegate.swift */; };
		230AE827246C7B2A00B36B96 /* SceneDelegate.swift in Sources */ = {isa = PBXBuildFile; fileRef = 230AE826246C7B2A00B36B96 /* SceneDelegate.swift */; };
		230AE829246C7B2A00B36B96 /* ViewController.swift in Sources */ = {isa = PBXBuildFile; fileRef = 230AE828246C7B2A00B36B96 /* ViewController.swift */; };
		230AE82C246C7B2A00B36B96 /* Main.storyboard in Resources */ = {isa = PBXBuildFile; fileRef = 230AE82A246C7B2A00B36B96 /* Main.storyboard */; };
		230AE82E246C7B2F00B36B96 /* Assets.xcassets in Resources */ = {isa = PBXBuildFile; fileRef = 230AE82D246C7B2F00B36B96 /* Assets.xcassets */; };
		230AE831246C7B2F00B36B96 /* LaunchScreen.storyboard in Resources */ = {isa = PBXBuildFile; fileRef = 230AE82F246C7B2F00B36B96 /* LaunchScreen.storyboard */; };
/* End PBXBuildFile section */

/* Begin PBXFileReference section */
		230AE821246C7B2A00B36B96 /* stream.app */ = {isa = PBXFileReference; explicitFileType = wrapper.application; includeInIndex = 0; path = stream.app; sourceTree = BUILT_PRODUCTS_DIR; };
		230AE824246C7B2A00B36B96 /* AppDelegate.swift */ = {isa = PBXFileReference; lastKnownFileType = sourcecode.swift; path = AppDelegate.swift; sourceTree = "<group>"; };
		230AE826246C7B2A00B36B96 /* SceneDelegate.swift */ = {isa = PBXFileReference; lastKnownFileType = sourcecode.swift; path = SceneDelegate.swift; sourceTree = "<group>"; };
		230AE828246C7B2A00B36B96 /* ViewController.swift */ = {isa = PBXFileReference; lastKnownFileType = sourcecode.swift; path = ViewController.swift; sourceTree = "<group>"; };
		230AE82B246C7B2A00B36B96 /* Base */ = {isa = PBXFileReference; lastKnownFileType = file.storyboard; name = Base; path = Base.lproj/Main.storyboard; sourceTree = "<group>"; };
		230AE82D246C7B2F00B36B96 /* Assets.xcassets */ = {isa = PBXFileReference; lastKnownFileType = folder.assetcatalog; path = Assets.xcassets; sourceTree = "<group>"; };
		230AE830246C7B2F00B36B96 /* Base */ = {isa = PBXFileReference; lastKnownFileType = file.storyboard; name = Base; path = Base.lproj/LaunchScreen.storyboard; sourceTree = "<group>"; };
		230AE832246C7B2F00B36B96 /* Info.plist */ = {isa = PBXFileReference; lastKnownFileType = text.plist.xml; path = Info.plist; sourceTree = "<group>"; };
/* End PBXFileReference section */

/* Begin PBXFrameworksBuildPhase section */
		230AE81E246C7B2A00B36B96 /* Frameworks */ = {
			isa = PBXFrameworksBuildPhase;
			buildActionMask = 2147483647;
			files = (
			);
			runOnlyForDeploymentPostprocessing = 0;
		};
/* End PBXFrameworksBuildPhase section */

/* Begin PBXGroup section */
		230AE818246C7B2A00B36B96 = {
			isa = PBXGroup;
			children = (
				230AE823246C7B2A00B36B96 /* stream */,
				230AE822246C7B2A00B36B96 /* Products */,
			);
			sourceTree = "<group>";
		};
		230AE822246C7B2A00B36B96 /* Products */ = {
			isa = PBXGroup;
			children = (
				230AE821246C7B2A00B36B96 /* stream.app */,
			);
			name = Products;
			sourceTree = "<group>";
		};
		230AE823246C7B2A00B36B96 /* stream */ = {
			isa = PBXGroup;
			children = (
				230AE824246C7B2A00B36B96 /* AppDelegate.swift */,
				230AE826246C7B2A00B36B96 /* SceneDelegate.swift */,
				230AE828246C7B2A00B36B96 /* ViewController.swift */,
				230AE82A246C7B2A00B36B96 /* Main.storyboard */,
				230AE82D246C7B2F00B36B96 /* Assets.xcassets */,
				230AE82F246C7B2F00B36B96 /* LaunchScreen.storyboard */,
				230AE832246C7B2F00B36B96 /* Info.plist */,
			);
			path = stream;
			sourceTree = "<group>";
		};
/* End PBXGroup section */

/* Begin PBXNativeTarget section */
		230AE820246C7B2A00B36B96 /* stream */ = {
			isa = PBXNativeTarget;
			buildConfigurationList = 230AE835246C7B2F00B36B96 /* Build configuration list for PBXNativeTarget "stream" */;
			buildPhases = (
				230AE81D246C7B2A00B36B96 /* Sources */,
				230AE81E246C7B2A00B36B96 /* Frameworks */,
				230AE81F246C7B2A00B36B96 /* Resources */,
			);
			buildRules = (
			);
			dependencies = (
			);
			name = stream;
			productName = stream;
			productReference = 230AE821246C7B2A00B36B96 /* stream.app */;
			productType = "com.apple.product-type.application";
		};
/* End PBXNativeTarget section */

/* Begin PBXProject section */
		230AE819246C7B2A00B36B96 /* Project object */ = {
			isa = PBXProject;
			attributes = {
				LastSwiftUpdateCheck = 1140;
				LastUpgradeCheck = 1140;
				ORGANIZATIONNAME = "Ali Sanaknaki";
				TargetAttributes = {
					230AE820246C7B2A00B36B96 = {
						CreatedOnToolsVersion = 11.4;
					};
				};
			};
			buildConfigurationList = 230AE81C246C7B2A00B36B96 /* Build configuration list for PBXProject "stream" */;
			compatibilityVersion = "Xcode 9.3";
			developmentRegion = en;
			hasScannedForEncodings = 0;
			knownRegions = (
				en,
				Base,
			);
			mainGroup = 230AE818246C7B2A00B36B96;
			productRefGroup = 230AE822246C7B2A00B36B96 /* Products */;
			projectDirPath = "";
			projectRoot = "";
			targets = (
				230AE820246C7B2A00B36B96 /* stream */,
			);
		};
/* End PBXProject section */

/* Begin PBXResourcesBuildPhase section */
		230AE81F246C7B2A00B36B96 /* Resources */ = {
			isa = PBXResourcesBuildPhase;
			buildActionMask = 2147483647;
			files = (
				230AE831246C7B2F00B36B96 /* LaunchScreen.storyboard in Resources */,
				230AE82E246C7B2F00B36B96 /* Assets.xcassets in Resources */,
				230AE82C246C7B2A00B36B96 /* Main.storyboard in Resources */,
			);
			runOnlyForDeploymentPostprocessing = 0;
		};
/* End PBXResourcesBuildPhase section */

/* Begin PBXSourcesBuildPhase section */
		230AE81D246C7B2A00B36B96 /* Sources */ = {
			isa = PBXSourcesBuildPhase;
			buildActionMask = 2147483647;
			files = (
				230AE829246C7B2A00B36B96 /* ViewController.swift in Sources */,
				230AE825246C7B2A00B36B96 /* AppDelegate.swift in Sources */,
				230AE827246C7B2A00B36B96 /* SceneDelegate.swift in Sources */,
			);
			runOnlyForDeploymentPostprocessing = 0;
		};
/* End PBXSourcesBuildPhase section */

/* Begin PBXVariantGroup section */
		230AE82A246C7B2A00B36B96 /* Main.storyboard */ = {
			isa = PBXVariantGroup;
			children = (
				230AE82B246C7B2A00B36B96 /* Base */,
			);
			name = Main.storyboard;
			sourceTree = "<group>";
		};
		230AE82F246C7B2F00B36B96 /* LaunchScreen.storyboard */ = {
			isa = PBXVariantGroup;
			children = (
				230AE830246C7B2F00B36B96 /* Base */,
			);
			name = LaunchScreen.storyboard;
			sourceTree = "<group>";
		};
/* End PBXVariantGroup section */

/* Begin XCBuildConfiguration section */
		230AE833246C7B2F00B36B96 /* Debug */ = {
			isa = XCBuildConfiguration;
			buildSettings = {
				ALWAYS_SEARCH_USER_PATHS = NO;
				CLANG_ANALYZER_NONNULL = YES;
				CLANG_ANALYZER_NUMBER_OBJECT_CONVERSION = YES_AGGRESSIVE;
				CLANG_CXX_LANGUAGE_STANDARD = "gnu++14";
				CLANG_CXX_LIBRARY = "libc++";
				CLANG_ENABLE_MODULES = YES;
				CLANG_ENABLE_OBJC_ARC = YES;
				CLANG_ENABLE_OBJC_WEAK = YES;
				CLANG_WARN_BLOCK_CAPTURE_AUTORELEASING = YES;
				CLANG_WARN_BOOL_CONVERSION = YES;
				CLANG_WARN_COMMA = YES;
				CLANG_WARN_CONSTANT_CONVERSION = YES;
				CLANG_WARN_DEPRECATED_OBJC_IMPLEMENTATIONS = YES;
				CLANG_WARN_DIRECT_OBJC_ISA_USAGE = YES_ERROR;
				CLANG_WARN_DOCUMENTATION_COMMENTS = YES;
				CLANG_WARN_EMPTY_BODY = YES;
				CLANG_WARN_ENUM_CONVERSION = YES;
				CLANG_WARN_INFINITE_RECURSION = YES;
				CLANG_WARN_INT_CONVERSION = YES;
				CLANG_WARN_NON_LITERAL_NULL_CONVERSION = YES;
				CLANG_WARN_OBJC_IMPLICIT_RETAIN_SELF = YES;
				CLANG_WARN_OBJC_LITERAL_CONVERSION = YES;
				CLANG_WARN_OBJC_ROOT_CLASS = YES_ERROR;
				CLANG_WARN_RANGE_LOOP_ANALYSIS = YES;
				CLANG_WARN_STRICT_PROTOTYPES = YES;
				CLANG_WARN_SUSPICIOUS_MOVE = YES;
				CLANG_WARN_UNGUARDED_AVAILABILITY = YES_AGGRESSIVE;
				CLANG_WARN_UNREACHABLE_CODE = YES;
				CLANG_WARN__DUPLICATE_METHOD_MATCH = YES;
				COPY_PHASE_STRIP = NO;
				DEBUG_INFORMATION_FORMAT = dwarf;
				ENABLE_STRICT_OBJC_MSGSEND = YES;
				ENABLE_TESTABILITY = YES;
				GCC_C_LANGUAGE_STANDARD = gnu11;
				GCC_DYNAMIC_NO_PIC = NO;
				GCC_NO_COMMON_BLOCKS = YES;
				GCC_OPTIMIZATION_LEVEL = 0;
				GCC_PREPROCESSOR_DEFINITIONS = (
					"DEBUG=1",
					"$(inherited)",
				);
				GCC_WARN_64_TO_32_BIT_CONVERSION = YES;
				GCC_WARN_ABOUT_RETURN_TYPE = YES_ERROR;
				GCC_WARN_UNDECLARED_SELECTOR = YES;
				GCC_WARN_UNINITIALIZED_AUTOS = YES_AGGRESSIVE;
				GCC_WARN_UNUSED_FUNCTION = YES;
				GCC_WARN_UNUSED_VARIABLE = YES;
				IPHONEOS_DEPLOYMENT_TARGET = 13.4;
				MTL_ENABLE_DEBUG_INFO = INCLUDE_SOURCE;
				MTL_FAST_MATH = YES;
				ONLY_ACTIVE_ARCH = YES;
				SDKROOT = iphoneos;
				SWIFT_ACTIVE_COMPILATION_CONDITIONS = DEBUG;
				SWIFT_OPTIMIZATION_LEVEL = "-Onone";
			};
			name = Debug;
		};
		230AE834246C7B2F00B36B96 /* Release */ = {
			isa = XCBuildConfiguration;
			buildSettings = {
				ALWAYS_SEARCH_USER_PATHS = NO;
				CLANG_ANALYZER_NONNULL = YES;
				CLANG_ANALYZER_NUMBER_OBJECT_CONVERSION = YES_AGGRESSIVE;
				CLANG_CXX_LANGUAGE_STANDARD = "gnu++14";
				CLANG_CXX_LIBRARY = "libc++";
				CLANG_ENABLE_MODULES = YES;
				CLANG_ENABLE_OBJC_ARC = YES;
				CLANG_ENABLE_OBJC_WEAK = YES;
				CLANG_WARN_BLOCK_CAPTURE_AUTORELEASING = YES;
				CLANG_WARN_BOOL_CONVERSION = YES;
				CLANG_WARN_COMMA = YES;
				CLANG_WARN_CONSTANT_CONVERSION = YES;
				CLANG_WARN_DEPRECATED_OBJC_IMPLEMENTATIONS = YES;
				CLANG_WARN_DIRECT_OBJC_ISA_USAGE = YES_ERROR;
				CLANG_WARN_DOCUMENTATION_COMMENTS = YES;
				CLANG_WARN_EMPTY_BODY = YES;
				CLANG_WARN_ENUM_CONVERSION = YES;
				CLANG_WARN_INFINITE_RECURSION = YES;
				CLANG_WARN_INT_CONVERSION = YES;
				CLANG_WARN_NON_LITERAL_NULL_CONVERSION = YES;
				CLANG_WARN_OBJC_IMPLICIT_RETAIN_SELF = YES;
				CLANG_WARN_OBJC_LITERAL_CONVERSION = YES;
				CLANG_WARN_OBJC_ROOT_CLASS = YES_ERROR;
				CLANG_WARN_RANGE_LOOP_ANALYSIS = YES;
				CLANG_WARN_STRICT_PROTOTYPES = YES;
				CLANG_WARN_SUSPICIOUS_MOVE = YES;
				CLANG_WARN_UNGUARDED_AVAILABILITY = YES_AGGRESSIVE;
				CLANG_WARN_UNREACHABLE_CODE = YES;
				CLANG_WARN__DUPLICATE_METHOD_MATCH = YES;
				COPY_PHASE_STRIP = NO;
				DEBUG_INFORMATION_FORMAT = "dwarf-with-dsym";
				ENABLE_NS_ASSERTIONS = NO;
				ENABLE_STRICT_OBJC_MSGSEND = YES;
				GCC_C_LANGUAGE_STANDARD = gnu11;
				GCC_NO_COMMON_BLOCKS = YES;
				GCC_WARN_64_TO_32_BIT_CONVERSION = YES;
				GCC_WARN_ABOUT_RETURN_TYPE = YES_ERROR;
				GCC_WARN_UNDECLARED_SELECTOR = YES;
				GCC_WARN_UNINITIALIZED_AUTOS = YES_AGGRESSIVE;
				GCC_WARN_UNUSED_FUNCTION = YES;
				GCC_WARN_UNUSED_VARIABLE = YES;
				IPHONEOS_DEPLOYMENT_TARGET = 13.4;
				MTL_ENABLE_DEBUG_INFO = NO;
				MTL_FAST_MATH = YES;
				SDKROOT = iphoneos;
				SWIFT_COMPILATION_MODE = wholemodule;
				SWIFT_OPTIMIZATION_LEVEL = "-O";
				VALIDATE_PRODUCT = YES;
			};
			name = Release;
		};
		230AE836246C7B2F00B36B96 /* Debug */ = {
			isa = XCBuildConfiguration;
			buildSettings = {
				ASSETCATALOG_COMPILER_APPICON_NAME = AppIcon;
				CODE_SIGN_STYLE = Automatic;
				DEVELOPMENT_TEAM = 34U57LC3TA;
				INFOPLIST_FILE = stream/Info.plist;
				LD_RUNPATH_SEARCH_PATHS = (
					"$(inherited)",
					"@executable_path/Frameworks",
				);
				PRODUCT_BUNDLE_IDENTIFIER = com.sanaknaki.stream;
				PRODUCT_NAME = "$(TARGET_NAME)";
				SWIFT_VERSION = 5.0;
				TARGETED_DEVICE_FAMILY = "1,2";
			};
			name = Debug;
		};
		230AE837246C7B2F00B36B96 /* Release */ = {
			isa = XCBuildConfiguration;
			buildSettings = {
				ASSETCATALOG_COMPILER_APPICON_NAME = AppIcon;
				CODE_SIGN_STYLE = Automatic;
				DEVELOPMENT_TEAM = 34U57LC3TA;
				INFOPLIST_FILE = stream/Info.plist;
				LD_RUNPATH_SEARCH_PATHS = (
					"$(inherited)",
					"@executable_path/Frameworks",
				);
				PRODUCT_BUNDLE_IDENTIFIER = com.sanaknaki.stream;
				PRODUCT_NAME = "$(TARGET_NAME)";
				SWIFT_VERSION = 5.0;
				TARGETED_DEVICE_FAMILY = "1,2";
			};
			name = Release;
		};
/* End XCBuildConfiguration section */

/* Begin XCConfigurationList section */
		230AE81C246C7B2A00B36B96 /* Build configuration list for PBXProject "stream" */ = {
			isa = XCConfigurationList;
			buildConfigurations = (
				230AE833246C7B2F00B36B96 /* Debug */,
				230AE834246C7B2F00B36B96 /* Release */,
			);
			defaultConfigurationIsVisible = 0;
			defaultConfigurationName = Release;
		};
		230AE835246C7B2F00B36B96 /* Build configuration list for PBXNativeTarget "stream" */ = {
			isa = XCConfigurationList;
			buildConfigurations = (
				230AE836246C7B2F00B36B96 /* Debug */,
				230AE837246C7B2F00B36B96 /* Release */,
			);
			defaultConfigurationIsVisible = 0;
			defaultConfigurationName = Release;
		};
/* End XCConfigurationList section */
	};
	rootObject = 230AE819246C7B2A00B36B96 /* Project object */;
}
